
Microsoft Visual Studio Solution File, Format Version 12.00
# Visual Studio 15
VisualStudioVersion = 15.0.26403.3
MinimumVisualStudioVersion = 10.0.40219.1
Project("{9A19103F-16F7-4668-BE54-9A1E7A4F7556}") = "PowerLine", "PowerLine.csproj", "{F9BC4FAD-939B-453E-BDDE-EE3D0BFEEEFB}"
EndProject
Project("{9A19103F-16F7-4668-BE54-9A1E7A4F7556}") = "Pansies", "..\Pansies\Pansies.csproj", "{1BBF5C04-937B-4C65-9743-E600C13DFF4B}"
EndProject
Global
	GlobalSection(SolutionConfigurationPlatforms) = preSolution
		Debug|Any CPU = Debug|Any CPU
		Release|Any CPU = Release|Any CPU
	EndGlobalSection
	GlobalSection(ProjectConfigurationPlatforms) = postSolution
		{F9BC4FAD-939B-453E-BDDE-EE3D0BFEEEFB}.Debug|Any CPU.ActiveCfg = Debug|Any CPU
		{F9BC4FAD-939B-453E-BDDE-EE3D0BFEEEFB}.Debug|Any CPU.Build.0 = Debug|Any CPU
		{F9BC4FAD-939B-453E-BDDE-EE3D0BFEEEFB}.Release|Any CPU.ActiveCfg = Release|Any CPU
		{F9BC4FAD-939B-453E-BDDE-EE3D0BFEEEFB}.Release|Any CPU.Build.0 = Release|Any CPU
		{1BBF5C04-937B-4C65-9743-E600C13DFF4B}.Debug|Any CPU.ActiveCfg = Debug|Any CPU
		{1BBF5C04-937B-4C65-9743-E600C13DFF4B}.Debug|Any CPU.Build.0 = Debug|Any CPU
		{1BBF5C04-937B-4C65-9743-E600C13DFF4B}.Release|Any CPU.ActiveCfg = Release|Any CPU
		{1BBF5C04-937B-4C65-9743-E600C13DFF4B}.Release|Any CPU.Build.0 = Release|Any CPU
	EndGlobalSection
	GlobalSection(SolutionProperties) = preSolution
		HideSolutionNode = FALSE
	EndGlobalSection
EndGlobal
